
Microsoft Visual Studio Solution File, Format Version 12.00
# Visual Studio Version 17
VisualStudioVersion = 17.10.35122.118
MinimumVisualStudioVersion = 10.0.40219.1
Project("{FAE04EC0-301F-11D3-BF4B-00C04F79EFBC}") = "AppExemploCadastro", "AppExemploCadastro\AppExemploCadastro.csproj", "{53345A54-D4C0-4523-B4A4-4E951DF2D03B}"
EndProject
Global
	GlobalSection(SolutionConfigurationPlatforms) = preSolution
		Debug|Any CPU = Debug|Any CPU
		Release|Any CPU = Release|Any CPU
	EndGlobalSection
	GlobalSection(ProjectConfigurationPlatforms) = postSolution
		{53345A54-D4C0-4523-B4A4-4E951DF2D03B}.Debug|Any CPU.ActiveCfg = Debug|Any CPU
		{53345A54-D4C0-4523-B4A4-4E951DF2D03B}.Debug|Any CPU.Build.0 = Debug|Any CPU
		{53345A54-D4C0-4523-B4A4-4E951DF2D03B}.Release|Any CPU.ActiveCfg = Release|Any CPU
		{53345A54-D4C0-4523-B4A4-4E951DF2D03B}.Release|Any CPU.Build.0 = Release|Any CPU
	EndGlobalSection
	GlobalSection(SolutionProperties) = preSolution
		HideSolutionNode = FALSE
	EndGlobalSection
	GlobalSection(ExtensibilityGlobals) = postSolution
		SolutionGuid = {985A13D9-B6DE-4DDE-9A34-CEB2CCFF5C42}
	EndGlobalSection
EndGlobal
